// !$*UTF8*$!
{
	archiveVersion = 1;
	classes = {
	};
	objectVersion = 55;
	objects = {

/* Begin PBXBuildFile section */
		F601D44827ECBD9C00BD6B52 /* Utils.swift in Sources */ = {isa = PBXBuildFile; fileRef = F601D44727ECBD9C00BD6B52 /* Utils.swift */; };
		F6A24504280EBA950064500A /* LandingViewController.swift in Sources */ = {isa = PBXBuildFile; fileRef = F6A24502280EBA950064500A /* LandingViewController.swift */; };
		F6A24505280EBA950064500A /* LandingViewController.xib in Resources */ = {isa = PBXBuildFile; fileRef = F6A24503280EBA950064500A /* LandingViewController.xib */; };
		F6A24508280EBAA60064500A /* HomeViewController.swift in Sources */ = {isa = PBXBuildFile; fileRef = F6A24506280EBAA60064500A /* HomeViewController.swift */; };
		F6A24509280EBAA60064500A /* HomeViewController.xib in Resources */ = {isa = PBXBuildFile; fileRef = F6A24507280EBAA60064500A /* HomeViewController.xib */; };
		F6A2450B280EBAB60064500A /* HomeCoordinator.swift in Sources */ = {isa = PBXBuildFile; fileRef = F6A2450A280EBAB60064500A /* HomeCoordinator.swift */; };
		F6A2450D280EBB020064500A /* LandingCoordinator.swift in Sources */ = {isa = PBXBuildFile; fileRef = F6A2450C280EBB020064500A /* LandingCoordinator.swift */; };
		F6BEC5D927EB3ED3002FB942 /* AppDelegate.swift in Sources */ = {isa = PBXBuildFile; fileRef = F6BEC5D827EB3ED3002FB942 /* AppDelegate.swift */; };
		F6BEC5E227EB3ED6002FB942 /* Assets.xcassets in Resources */ = {isa = PBXBuildFile; fileRef = F6BEC5E127EB3ED6002FB942 /* Assets.xcassets */; };
		F6BEC5E527EB3ED6002FB942 /* LaunchScreen.storyboard in Resources */ = {isa = PBXBuildFile; fileRef = F6BEC5E327EB3ED6002FB942 /* LaunchScreen.storyboard */; };
		F6BEC5F027EB3F18002FB942 /* VideoIdViewController.swift in Sources */ = {isa = PBXBuildFile; fileRef = F6BEC5EE27EB3F18002FB942 /* VideoIdViewController.swift */; };
		F6BEC5F127EB3F18002FB942 /* VideoIdViewController.xib in Resources */ = {isa = PBXBuildFile; fileRef = F6BEC5EF27EB3F18002FB942 /* VideoIdViewController.xib */; };
		F6BEC5F327EB3F2F002FB942 /* AppCoreCoordinator.swift in Sources */ = {isa = PBXBuildFile; fileRef = F6BEC5F227EB3F2F002FB942 /* AppCoreCoordinator.swift */; };
		F6BEC5F527EB3F7F002FB942 /* VideoIdCoordinator.swift in Sources */ = {isa = PBXBuildFile; fileRef = F6BEC5F427EB3F7F002FB942 /* VideoIdCoordinator.swift */; };
		F6EBC23227EDC104008E3F54 /* UserDataModel.swift in Sources */ = {isa = PBXBuildFile; fileRef = F6EBC23127EDC104008E3F54 /* UserDataModel.swift */; };
		F6EBC23827F1BFFF008E3F54 /* ErrorViewController.swift in Sources */ = {isa = PBXBuildFile; fileRef = F6EBC23627F1BFFF008E3F54 /* ErrorViewController.swift */; };
		F6EBC23927F1BFFF008E3F54 /* ErrorViewController.xib in Resources */ = {isa = PBXBuildFile; fileRef = F6EBC23727F1BFFF008E3F54 /* ErrorViewController.xib */; };
		F6EBC23C27F1C00E008E3F54 /* ExitoViewController.swift in Sources */ = {isa = PBXBuildFile; fileRef = F6EBC23A27F1C00E008E3F54 /* ExitoViewController.swift */; };
		F6EBC23D27F1C00E008E3F54 /* ExitoViewController.xib in Resources */ = {isa = PBXBuildFile; fileRef = F6EBC23B27F1C00E008E3F54 /* ExitoViewController.xib */; };
		F6EBC23F27F1C029008E3F54 /* ExitoCoordinator.swift in Sources */ = {isa = PBXBuildFile; fileRef = F6EBC23E27F1C029008E3F54 /* ExitoCoordinator.swift */; };
		F6EBC24127F1C03A008E3F54 /* ErrorCoordinator.swift in Sources */ = {isa = PBXBuildFile; fileRef = F6EBC24027F1C03A008E3F54 /* ErrorCoordinator.swift */; };
/* End PBXBuildFile section */

/* Begin PBXFileReference section */
		F601D44727ECBD9C00BD6B52 /* Utils.swift */ = {isa = PBXFileReference; lastKnownFileType = sourcecode.swift; path = Utils.swift; sourceTree = "<group>"; };
		F6A24502280EBA950064500A /* LandingViewController.swift */ = {isa = PBXFileReference; lastKnownFileType = sourcecode.swift; path = LandingViewController.swift; sourceTree = "<group>"; };
		F6A24503280EBA950064500A /* LandingViewController.xib */ = {isa = PBXFileReference; lastKnownFileType = file.xib; path = LandingViewController.xib; sourceTree = "<group>"; };
		F6A24506280EBAA60064500A /* HomeViewController.swift */ = {isa = PBXFileReference; lastKnownFileType = sourcecode.swift; path = HomeViewController.swift; sourceTree = "<group>"; };
		F6A24507280EBAA60064500A /* HomeViewController.xib */ = {isa = PBXFileReference; lastKnownFileType = file.xib; path = HomeViewController.xib; sourceTree = "<group>"; };
		F6A2450A280EBAB60064500A /* HomeCoordinator.swift */ = {isa = PBXFileReference; lastKnownFileType = sourcecode.swift; path = HomeCoordinator.swift; sourceTree = "<group>"; };
		F6A2450C280EBB020064500A /* LandingCoordinator.swift */ = {isa = PBXFileReference; lastKnownFileType = sourcecode.swift; path = LandingCoordinator.swift; sourceTree = "<group>"; };
		F6BEC5D527EB3ED3002FB942 /* InternalPoCSFC.app */ = {isa = PBXFileReference; explicitFileType = wrapper.application; includeInIndex = 0; path = InternalPoCSFC.app; sourceTree = BUILT_PRODUCTS_DIR; };
		F6BEC5D827EB3ED3002FB942 /* AppDelegate.swift */ = {isa = PBXFileReference; lastKnownFileType = sourcecode.swift; path = AppDelegate.swift; sourceTree = "<group>"; };
		F6BEC5E127EB3ED6002FB942 /* Assets.xcassets */ = {isa = PBXFileReference; lastKnownFileType = folder.assetcatalog; path = Assets.xcassets; sourceTree = "<group>"; };
		F6BEC5E427EB3ED6002FB942 /* Base */ = {isa = PBXFileReference; lastKnownFileType = file.storyboard; name = Base; path = Base.lproj/LaunchScreen.storyboard; sourceTree = "<group>"; };
		F6BEC5E627EB3ED6002FB942 /* Info.plist */ = {isa = PBXFileReference; lastKnownFileType = text.plist.xml; path = Info.plist; sourceTree = "<group>"; };
		F6BEC5EE27EB3F18002FB942 /* VideoIdViewController.swift */ = {isa = PBXFileReference; lastKnownFileType = sourcecode.swift; path = VideoIdViewController.swift; sourceTree = "<group>"; };
		F6BEC5EF27EB3F18002FB942 /* VideoIdViewController.xib */ = {isa = PBXFileReference; lastKnownFileType = file.xib; path = VideoIdViewController.xib; sourceTree = "<group>"; };
		F6BEC5F227EB3F2F002FB942 /* AppCoreCoordinator.swift */ = {isa = PBXFileReference; lastKnownFileType = sourcecode.swift; path = AppCoreCoordinator.swift; sourceTree = "<group>"; };
		F6BEC5F427EB3F7F002FB942 /* VideoIdCoordinator.swift */ = {isa = PBXFileReference; lastKnownFileType = sourcecode.swift; path = VideoIdCoordinator.swift; sourceTree = "<group>"; };
		F6EBC23127EDC104008E3F54 /* UserDataModel.swift */ = {isa = PBXFileReference; lastKnownFileType = sourcecode.swift; path = UserDataModel.swift; sourceTree = "<group>"; };
		F6EBC23627F1BFFF008E3F54 /* ErrorViewController.swift */ = {isa = PBXFileReference; lastKnownFileType = sourcecode.swift; path = ErrorViewController.swift; sourceTree = "<group>"; };
		F6EBC23727F1BFFF008E3F54 /* ErrorViewController.xib */ = {isa = PBXFileReference; lastKnownFileType = file.xib; path = ErrorViewController.xib; sourceTree = "<group>"; };
		F6EBC23A27F1C00E008E3F54 /* ExitoViewController.swift */ = {isa = PBXFileReference; lastKnownFileType = sourcecode.swift; path = ExitoViewController.swift; sourceTree = "<group>"; };
		F6EBC23B27F1C00E008E3F54 /* ExitoViewController.xib */ = {isa = PBXFileReference; lastKnownFileType = file.xib; path = ExitoViewController.xib; sourceTree = "<group>"; };
		F6EBC23E27F1C029008E3F54 /* ExitoCoordinator.swift */ = {isa = PBXFileReference; lastKnownFileType = sourcecode.swift; path = ExitoCoordinator.swift; sourceTree = "<group>"; };
		F6EBC24027F1C03A008E3F54 /* ErrorCoordinator.swift */ = {isa = PBXFileReference; lastKnownFileType = sourcecode.swift; path = ErrorCoordinator.swift; sourceTree = "<group>"; };
/* End PBXFileReference section */

/* Begin PBXFrameworksBuildPhase section */
		F6BEC5D227EB3ED3002FB942 /* Frameworks */ = {
			isa = PBXFrameworksBuildPhase;
			buildActionMask = 2147483647;
			files = (
			);
			runOnlyForDeploymentPostprocessing = 0;
		};
/* End PBXFrameworksBuildPhase section */

/* Begin PBXGroup section */
		F601D44627ECBD9100BD6B52 /* Utils */ = {
			isa = PBXGroup;
			children = (
				F601D44727ECBD9C00BD6B52 /* Utils.swift */,
			);
			path = Utils;
			sourceTree = "<group>";
		};
		F6A24500280EBA790064500A /* Landing */ = {
			isa = PBXGroup;
			children = (
				F6A24502280EBA950064500A /* LandingViewController.swift */,
				F6A24503280EBA950064500A /* LandingViewController.xib */,
				F6A2450C280EBB020064500A /* LandingCoordinator.swift */,
			);
			path = Landing;
			sourceTree = "<group>";
		};
		F6A24501280EBA820064500A /* Home */ = {
			isa = PBXGroup;
			children = (
				F6A24506280EBAA60064500A /* HomeViewController.swift */,
				F6A24507280EBAA60064500A /* HomeViewController.xib */,
				F6A2450A280EBAB60064500A /* HomeCoordinator.swift */,
			);
			path = Home;
			sourceTree = "<group>";
		};
		F6BEC5CC27EB3ED3002FB942 = {
			isa = PBXGroup;
			children = (
				F6BEC5D727EB3ED3002FB942 /* InternalPoCSFC */,
				F6BEC5D627EB3ED3002FB942 /* Products */,
			);
			sourceTree = "<group>";
		};
		F6BEC5D627EB3ED3002FB942 /* Products */ = {
			isa = PBXGroup;
			children = (
				F6BEC5D527EB3ED3002FB942 /* InternalPoCSFC.app */,
			);
			name = Products;
			sourceTree = "<group>";
		};
		F6BEC5D727EB3ED3002FB942 /* InternalPoCSFC */ = {
			isa = PBXGroup;
			children = (
				F6EBC23027EDC0E0008E3F54 /* Models */,
				F601D44627ECBD9100BD6B52 /* Utils */,
				F6BEC5ED27EB3EFD002FB942 /* Sources */,
				F6BEC5EC27EB3EF2002FB942 /* CoreApp */,
				F6BEC5E127EB3ED6002FB942 /* Assets.xcassets */,
				F6BEC5E327EB3ED6002FB942 /* LaunchScreen.storyboard */,
				F6BEC5E627EB3ED6002FB942 /* Info.plist */,
			);
			path = InternalPoCSFC;
			sourceTree = "<group>";
		};
		F6BEC5EC27EB3EF2002FB942 /* CoreApp */ = {
			isa = PBXGroup;
			children = (
				F6BEC5D827EB3ED3002FB942 /* AppDelegate.swift */,
				F6BEC5F227EB3F2F002FB942 /* AppCoreCoordinator.swift */,
			);
			path = CoreApp;
			sourceTree = "<group>";
		};
		F6BEC5ED27EB3EFD002FB942 /* Sources */ = {
			isa = PBXGroup;
			children = (
				F6A24501280EBA820064500A /* Home */,
				F6A24500280EBA790064500A /* Landing */,
				F6EBC23527F1BFEC008E3F54 /* ExitoView */,
				F6EBC23427F1BFE3008E3F54 /* ErrorView */,
				F6EBC23327F1BFDA008E3F54 /* VideoIDView */,
			);
			path = Sources;
			sourceTree = "<group>";
		};
		F6EBC23027EDC0E0008E3F54 /* Models */ = {
			isa = PBXGroup;
			children = (
				F6EBC23127EDC104008E3F54 /* UserDataModel.swift */,
			);
			path = Models;
			sourceTree = "<group>";
		};
		F6EBC23327F1BFDA008E3F54 /* VideoIDView */ = {
			isa = PBXGroup;
			children = (
				F6BEC5EE27EB3F18002FB942 /* VideoIdViewController.swift */,
				F6BEC5EF27EB3F18002FB942 /* VideoIdViewController.xib */,
				F6BEC5F427EB3F7F002FB942 /* VideoIdCoordinator.swift */,
			);
			path = VideoIDView;
			sourceTree = "<group>";
		};
		F6EBC23427F1BFE3008E3F54 /* ErrorView */ = {
			isa = PBXGroup;
			children = (
				F6EBC23627F1BFFF008E3F54 /* ErrorViewController.swift */,
				F6EBC23727F1BFFF008E3F54 /* ErrorViewController.xib */,
				F6EBC24027F1C03A008E3F54 /* ErrorCoordinator.swift */,
			);
			path = ErrorView;
			sourceTree = "<group>";
		};
		F6EBC23527F1BFEC008E3F54 /* ExitoView */ = {
			isa = PBXGroup;
			children = (
				F6EBC23A27F1C00E008E3F54 /* ExitoViewController.swift */,
				F6EBC23B27F1C00E008E3F54 /* ExitoViewController.xib */,
				F6EBC23E27F1C029008E3F54 /* ExitoCoordinator.swift */,
			);
			path = ExitoView;
			sourceTree = "<group>";
		};
/* End PBXGroup section */

/* Begin PBXNativeTarget section */
		F6BEC5D427EB3ED3002FB942 /* InternalPoCSFC */ = {
			isa = PBXNativeTarget;
			buildConfigurationList = F6BEC5E927EB3ED6002FB942 /* Build configuration list for PBXNativeTarget "InternalPoCSFC" */;
			buildPhases = (
				F6BEC5D127EB3ED3002FB942 /* Sources */,
				F6BEC5D227EB3ED3002FB942 /* Frameworks */,
				F6BEC5D327EB3ED3002FB942 /* Resources */,
			);
			buildRules = (
			);
			dependencies = (
			);
			name = InternalPoCSFC;
			productName = InternalPoCSFC;
			productReference = F6BEC5D527EB3ED3002FB942 /* InternalPoCSFC.app */;
			productType = "com.apple.product-type.application";
		};
/* End PBXNativeTarget section */

/* Begin PBXProject section */
		F6BEC5CD27EB3ED3002FB942 /* Project object */ = {
			isa = PBXProject;
			attributes = {
				BuildIndependentTargetsInParallel = 1;
				LastSwiftUpdateCheck = 1330;
				LastUpgradeCheck = 1330;
				TargetAttributes = {
					F6BEC5D427EB3ED3002FB942 = {
						CreatedOnToolsVersion = 13.3;
					};
				};
			};
			buildConfigurationList = F6BEC5D027EB3ED3002FB942 /* Build configuration list for PBXProject "InternalPoCSFC" */;
			compatibilityVersion = "Xcode 13.0";
			developmentRegion = en;
			hasScannedForEncodings = 0;
			knownRegions = (
				en,
				Base,
			);
			mainGroup = F6BEC5CC27EB3ED3002FB942;
			productRefGroup = F6BEC5D627EB3ED3002FB942 /* Products */;
			projectDirPath = "";
			projectRoot = "";
			targets = (
				F6BEC5D427EB3ED3002FB942 /* InternalPoCSFC */,
			);
		};
/* End PBXProject section */

/* Begin PBXResourcesBuildPhase section */
		F6BEC5D327EB3ED3002FB942 /* Resources */ = {
			isa = PBXResourcesBuildPhase;
			buildActionMask = 2147483647;
			files = (
				F6A24505280EBA950064500A /* LandingViewController.xib in Resources */,
				F6BEC5E527EB3ED6002FB942 /* LaunchScreen.storyboard in Resources */,
				F6EBC23927F1BFFF008E3F54 /* ErrorViewController.xib in Resources */,
				F6EBC23D27F1C00E008E3F54 /* ExitoViewController.xib in Resources */,
				F6BEC5F127EB3F18002FB942 /* VideoIdViewController.xib in Resources */,
				F6A24509280EBAA60064500A /* HomeViewController.xib in Resources */,
				F6BEC5E227EB3ED6002FB942 /* Assets.xcassets in Resources */,
			);
			runOnlyForDeploymentPostprocessing = 0;
		};
/* End PBXResourcesBuildPhase section */

/* Begin PBXSourcesBuildPhase section */
		F6BEC5D127EB3ED3002FB942 /* Sources */ = {
			isa = PBXSourcesBuildPhase;
			buildActionMask = 2147483647;
			files = (
				F6EBC23827F1BFFF008E3F54 /* ErrorViewController.swift in Sources */,
				F6EBC23F27F1C029008E3F54 /* ExitoCoordinator.swift in Sources */,
				F6A24504280EBA950064500A /* LandingViewController.swift in Sources */,
				F6EBC23227EDC104008E3F54 /* UserDataModel.swift in Sources */,
				F6A2450D280EBB020064500A /* LandingCoordinator.swift in Sources */,
				F601D44827ECBD9C00BD6B52 /* Utils.swift in Sources */,
				F6BEC5D927EB3ED3002FB942 /* AppDelegate.swift in Sources */,
				F6EBC23C27F1C00E008E3F54 /* ExitoViewController.swift in Sources */,
				F6BEC5F027EB3F18002FB942 /* VideoIdViewController.swift in Sources */,
				F6A2450B280EBAB60064500A /* HomeCoordinator.swift in Sources */,
				F6BEC5F327EB3F2F002FB942 /* AppCoreCoordinator.swift in Sources */,
				F6BEC5F527EB3F7F002FB942 /* VideoIdCoordinator.swift in Sources */,
				F6EBC24127F1C03A008E3F54 /* ErrorCoordinator.swift in Sources */,
				F6A24508280EBAA60064500A /* HomeViewController.swift in Sources */,
			);
			runOnlyForDeploymentPostprocessing = 0;
		};
/* End PBXSourcesBuildPhase section */

/* Begin PBXVariantGroup section */
		F6BEC5E327EB3ED6002FB942 /* LaunchScreen.storyboard */ = {
			isa = PBXVariantGroup;
			children = (
				F6BEC5E427EB3ED6002FB942 /* Base */,
			);
			name = LaunchScreen.storyboard;
			sourceTree = "<group>";
		};
/* End PBXVariantGroup section */

/* Begin XCBuildConfiguration section */
		F6BEC5E727EB3ED6002FB942 /* CUA */ = {
			isa = XCBuildConfiguration;
			buildSettings = {
				ALWAYS_SEARCH_USER_PATHS = NO;
				CLANG_ANALYZER_NONNULL = YES;
				CLANG_ANALYZER_NUMBER_OBJECT_CONVERSION = YES_AGGRESSIVE;
				CLANG_CXX_LANGUAGE_STANDARD = "gnu++17";
				CLANG_ENABLE_MODULES = YES;
				CLANG_ENABLE_OBJC_ARC = YES;
				CLANG_ENABLE_OBJC_WEAK = YES;
				CLANG_WARN_BLOCK_CAPTURE_AUTORELEASING = YES;
				CLANG_WARN_BOOL_CONVERSION = YES;
				CLANG_WARN_COMMA = YES;
				CLANG_WARN_CONSTANT_CONVERSION = YES;
				CLANG_WARN_DEPRECATED_OBJC_IMPLEMENTATIONS = YES;
				CLANG_WARN_DIRECT_OBJC_ISA_USAGE = YES_ERROR;
				CLANG_WARN_DOCUMENTATION_COMMENTS = YES;
				CLANG_WARN_EMPTY_BODY = YES;
				CLANG_WARN_ENUM_CONVERSION = YES;
				CLANG_WARN_INFINITE_RECURSION = YES;
				CLANG_WARN_INT_CONVERSION = YES;
				CLANG_WARN_NON_LITERAL_NULL_CONVERSION = YES;
				CLANG_WARN_OBJC_IMPLICIT_RETAIN_SELF = YES;
				CLANG_WARN_OBJC_LITERAL_CONVERSION = YES;
				CLANG_WARN_OBJC_ROOT_CLASS = YES_ERROR;
				CLANG_WARN_QUOTED_INCLUDE_IN_FRAMEWORK_HEADER = YES;
				CLANG_WARN_RANGE_LOOP_ANALYSIS = YES;
				CLANG_WARN_STRICT_PROTOTYPES = YES;
				CLANG_WARN_SUSPICIOUS_MOVE = YES;
				CLANG_WARN_UNGUARDED_AVAILABILITY = YES_AGGRESSIVE;
				CLANG_WARN_UNREACHABLE_CODE = YES;
				CLANG_WARN__DUPLICATE_METHOD_MATCH = YES;
				COPY_PHASE_STRIP = NO;
				DEBUG_INFORMATION_FORMAT = dwarf;
				ENABLE_STRICT_OBJC_MSGSEND = YES;
				ENABLE_TESTABILITY = YES;
				GCC_C_LANGUAGE_STANDARD = gnu11;
				GCC_DYNAMIC_NO_PIC = NO;
				GCC_NO_COMMON_BLOCKS = YES;
				GCC_OPTIMIZATION_LEVEL = 0;
				GCC_PREPROCESSOR_DEFINITIONS = (
					"DEBUG=1",
					"$(inherited)",
				);
				GCC_WARN_64_TO_32_BIT_CONVERSION = YES;
				GCC_WARN_ABOUT_RETURN_TYPE = YES_ERROR;
				GCC_WARN_UNDECLARED_SELECTOR = YES;
				GCC_WARN_UNINITIALIZED_AUTOS = YES_AGGRESSIVE;
				GCC_WARN_UNUSED_FUNCTION = YES;
				GCC_WARN_UNUSED_VARIABLE = YES;
				IPHONEOS_DEPLOYMENT_TARGET = 15.4;
				MTL_ENABLE_DEBUG_INFO = INCLUDE_SOURCE;
				MTL_FAST_MATH = YES;
				ONLY_ACTIVE_ARCH = YES;
				SDKROOT = iphoneos;
				SWIFT_ACTIVE_COMPILATION_CONDITIONS = DEBUG;
				SWIFT_OPTIMIZATION_LEVEL = "-Onone";
			};
			name = CUA;
		};
		F6BEC5E827EB3ED6002FB942 /* PRO */ = {
			isa = XCBuildConfiguration;
			buildSettings = {
				ALWAYS_SEARCH_USER_PATHS = NO;
				CLANG_ANALYZER_NONNULL = YES;
				CLANG_ANALYZER_NUMBER_OBJECT_CONVERSION = YES_AGGRESSIVE;
				CLANG_CXX_LANGUAGE_STANDARD = "gnu++17";
				CLANG_ENABLE_MODULES = YES;
				CLANG_ENABLE_OBJC_ARC = YES;
				CLANG_ENABLE_OBJC_WEAK = YES;
				CLANG_WARN_BLOCK_CAPTURE_AUTORELEASING = YES;
				CLANG_WARN_BOOL_CONVERSION = YES;
				CLANG_WARN_COMMA = YES;
				CLANG_WARN_CONSTANT_CONVERSION = YES;
				CLANG_WARN_DEPRECATED_OBJC_IMPLEMENTATIONS = YES;
				CLANG_WARN_DIRECT_OBJC_ISA_USAGE = YES_ERROR;
				CLANG_WARN_DOCUMENTATION_COMMENTS = YES;
				CLANG_WARN_EMPTY_BODY = YES;
				CLANG_WARN_ENUM_CONVERSION = YES;
				CLANG_WARN_INFINITE_RECURSION = YES;
				CLANG_WARN_INT_CONVERSION = YES;
				CLANG_WARN_NON_LITERAL_NULL_CONVERSION = YES;
				CLANG_WARN_OBJC_IMPLICIT_RETAIN_SELF = YES;
				CLANG_WARN_OBJC_LITERAL_CONVERSION = YES;
				CLANG_WARN_OBJC_ROOT_CLASS = YES_ERROR;
				CLANG_WARN_QUOTED_INCLUDE_IN_FRAMEWORK_HEADER = YES;
				CLANG_WARN_RANGE_LOOP_ANALYSIS = YES;
				CLANG_WARN_STRICT_PROTOTYPES = YES;
				CLANG_WARN_SUSPICIOUS_MOVE = YES;
				CLANG_WARN_UNGUARDED_AVAILABILITY = YES_AGGRESSIVE;
				CLANG_WARN_UNREACHABLE_CODE = YES;
				CLANG_WARN__DUPLICATE_METHOD_MATCH = YES;
				COPY_PHASE_STRIP = NO;
				DEBUG_INFORMATION_FORMAT = "dwarf-with-dsym";
				ENABLE_NS_ASSERTIONS = NO;
				ENABLE_STRICT_OBJC_MSGSEND = YES;
				GCC_C_LANGUAGE_STANDARD = gnu11;
				GCC_NO_COMMON_BLOCKS = YES;
				GCC_WARN_64_TO_32_BIT_CONVERSION = YES;
				GCC_WARN_ABOUT_RETURN_TYPE = YES_ERROR;
				GCC_WARN_UNDECLARED_SELECTOR = YES;
				GCC_WARN_UNINITIALIZED_AUTOS = YES_AGGRESSIVE;
				GCC_WARN_UNUSED_FUNCTION = YES;
				GCC_WARN_UNUSED_VARIABLE = YES;
				IPHONEOS_DEPLOYMENT_TARGET = 15.4;
				MTL_ENABLE_DEBUG_INFO = NO;
				MTL_FAST_MATH = YES;
				SDKROOT = iphoneos;
				SWIFT_COMPILATION_MODE = wholemodule;
				SWIFT_OPTIMIZATION_LEVEL = "-O";
				VALIDATE_PRODUCT = YES;
			};
			name = PRO;
		};
		F6BEC5EA27EB3ED6002FB942 /* CUA */ = {
			isa = XCBuildConfiguration;
			buildSettings = {
				ASSETCATALOG_COMPILER_APPICON_NAME = AppIcon;
				ASSETCATALOG_COMPILER_GLOBAL_ACCENT_COLOR_NAME = AccentColor;
				CODE_SIGN_STYLE = Automatic;
				CURRENT_PROJECT_VERSION = 23;
				DEVELOPMENT_TEAM = 2C7W4RF846;
				GENERATE_INFOPLIST_FILE = YES;
				INFOPLIST_FILE = InternalPoCSFC/Info.plist;
				INFOPLIST_KEY_UIApplicationSupportsIndirectInputEvents = YES;
				INFOPLIST_KEY_UILaunchStoryboardName = LaunchScreen;
				INFOPLIST_KEY_UISupportedInterfaceOrientations_iPad = "UIInterfaceOrientationPortrait UIInterfaceOrientationPortraitUpsideDown UIInterfaceOrientationLandscapeLeft UIInterfaceOrientationLandscapeRight";
				INFOPLIST_KEY_UISupportedInterfaceOrientations_iPhone = "UIInterfaceOrientationPortrait UIInterfaceOrientationLandscapeLeft UIInterfaceOrientationLandscapeRight";
				IPHONEOS_DEPLOYMENT_TARGET = 13.0;
				LD_RUNPATH_SEARCH_PATHS = (
					"$(inherited)",
					"@executable_path/Frameworks",
				);
				MARKETING_VERSION = 1.0;
				PRODUCT_BUNDLE_IDENTIFIER = com.icologic.InternalPoCSFC;
				PRODUCT_NAME = "$(TARGET_NAME)";
				SWIFT_ACTIVE_COMPILATION_CONDITIONS = CUA;
				SWIFT_EMIT_LOC_STRINGS = YES;
				SWIFT_VERSION = 5.0;
				TARGETED_DEVICE_FAMILY = 1;
			};
			name = CUA;
		};
		F6BEC5EB27EB3ED6002FB942 /* PRO */ = {
			isa = XCBuildConfiguration;
			buildSettings = {
				ASSETCATALOG_COMPILER_APPICON_NAME = AppIcon;
				ASSETCATALOG_COMPILER_GLOBAL_ACCENT_COLOR_NAME = AccentColor;
				CODE_SIGN_STYLE = Automatic;
				CURRENT_PROJECT_VERSION = 23;
				DEVELOPMENT_TEAM = 2C7W4RF846;
				GENERATE_INFOPLIST_FILE = YES;
				INFOPLIST_FILE = InternalPoCSFC/Info.plist;
				INFOPLIST_KEY_UIApplicationSupportsIndirectInputEvents = YES;
				INFOPLIST_KEY_UILaunchStoryboardName = LaunchScreen;
				INFOPLIST_KEY_UISupportedInterfaceOrientations_iPad = "UIInterfaceOrientationPortrait UIInterfaceOrientationPortraitUpsideDown UIInterfaceOrientationLandscapeLeft UIInterfaceOrientationLandscapeRight";
				INFOPLIST_KEY_UISupportedInterfaceOrientations_iPhone = "UIInterfaceOrientationPortrait UIInterfaceOrientationLandscapeLeft UIInterfaceOrientationLandscapeRight";
				IPHONEOS_DEPLOYMENT_TARGET = 13.0;
				LD_RUNPATH_SEARCH_PATHS = (
					"$(inherited)",
					"@executable_path/Frameworks",
				);
				MARKETING_VERSION = 1.0;
				PRODUCT_BUNDLE_IDENTIFIER = com.icologic.InternalPoCSFC;
				PRODUCT_NAME = "$(TARGET_NAME)";
				SWIFT_ACTIVE_COMPILATION_CONDITIONS = PRO;
				SWIFT_EMIT_LOC_STRINGS = YES;
				SWIFT_VERSION = 5.0;
				TARGETED_DEVICE_FAMILY = 1;
			};
			name = PRO;
		};
/* End XCBuildConfiguration section */

/* Begin XCConfigurationList section */
		F6BEC5D027EB3ED3002FB942 /* Build configuration list for PBXProject "InternalPoCSFC" */ = {
			isa = XCConfigurationList;
			buildConfigurations = (
				F6BEC5E727EB3ED6002FB942 /* CUA */,
				F6BEC5E827EB3ED6002FB942 /* PRO */,
			);
			defaultConfigurationIsVisible = 0;
			defaultConfigurationName = PRO;
		};
		F6BEC5E927EB3ED6002FB942 /* Build configuration list for PBXNativeTarget "InternalPoCSFC" */ = {
			isa = XCConfigurationList;
			buildConfigurations = (
				F6BEC5EA27EB3ED6002FB942 /* CUA */,
				F6BEC5EB27EB3ED6002FB942 /* PRO */,
			);
			defaultConfigurationIsVisible = 0;
			defaultConfigurationName = PRO;
		};
/* End XCConfigurationList section */
	};
	rootObject = F6BEC5CD27EB3ED3002FB942 /* Project object */;
}
